
Microsoft Visual Studio Solution File, Format Version 12.00
# Visual Studio Version 16
VisualStudioVersion = 16.0.29920.165
MinimumVisualStudioVersion = 10.0.40219.1
Project("{9A19103F-16F7-4668-BE54-9A1E7A4F7556}") = "dnc3ng9ngrx9", "dnc3ng9ngrx9.csproj", "{7127816F-52B9-4295-A7E8-866B3895C7E6}"
EndProject
Global
	GlobalSection(SolutionConfigurationPlatforms) = preSolution
		Debug|Any CPU = Debug|Any CPU
		Release|Any CPU = Release|Any CPU
	EndGlobalSection
	GlobalSection(ProjectConfigurationPlatforms) = postSolution
		{7127816F-52B9-4295-A7E8-866B3895C7E6}.Debug|Any CPU.ActiveCfg = Debug|Any CPU
		{7127816F-52B9-4295-A7E8-866B3895C7E6}.Debug|Any CPU.Build.0 = Debug|Any CPU
		{7127816F-52B9-4295-A7E8-866B3895C7E6}.Release|Any CPU.ActiveCfg = Release|Any CPU
		{7127816F-52B9-4295-A7E8-866B3895C7E6}.Release|Any CPU.Build.0 = Release|Any CPU
	EndGlobalSection
	GlobalSection(SolutionProperties) = preSolution
		HideSolutionNode = FALSE
	EndGlobalSection
	GlobalSection(ExtensibilityGlobals) = postSolution
		SolutionGuid = {6FAB7744-88EE-4B19-B593-EB91960C7ED3}
	EndGlobalSection
EndGlobal
